{
    "name": "hyper-express",
    "version": "4.2.0",
    "lockfileVersion": 2,
    "requires": true,
    "packages": {
        "": {
            "version": "4.2.0",
            "license": "MIT",
            "dependencies": {
                "accepts": "^1.3.7",
                "cookie": "^0.4.1",
                "cookie-signature": "^1.1.0",
                "query-string": "^7.0.1",
                "range-parser": "^1.2.1",
                "type-is": "^1.6.18",
                "uid-safe": "^2.1.5",
                "uWebSockets.js": "github:uNetworking/uWebSockets.js#v20.0.0"
            }
        },
        "node_modules/accepts": {
            "version": "1.3.7",
            "resolved": "https://registry.npmjs.org/accepts/-/accepts-1.3.7.tgz",
            "integrity": "sha512-Il80Qs2WjYlJIBNzNkK6KYqlVMTbZLXgHx2oT0pU/fjRHyEp+PEfEPY0R3WCwAGVOtauxh1hOxNgIf5bv7dQpA==",
            "dependencies": {
                "mime-types": "~2.1.24",
                "negotiator": "0.6.2"
            },
            "engines": {
                "node": ">= 0.6"
            }
        },
        "node_modules/cookie": {
            "version": "0.4.1",
            "resolved": "https://registry.npmjs.org/cookie/-/cookie-0.4.1.tgz",
            "integrity": "sha512-ZwrFkGJxUR3EIoXtO+yVE69Eb7KlixbaeAWfBQB9vVsNn/o+Yw69gBWSSDK825hQNdN+wF8zELf3dFNl/kxkUA==",
            "engines": {
                "node": ">= 0.6"
            }
        },
        "node_modules/cookie-signature": {
            "version": "1.1.0",
            "resolved": "https://registry.npmjs.org/cookie-signature/-/cookie-signature-1.1.0.tgz",
            "integrity": "sha512-Alvs19Vgq07eunykd3Xy2jF0/qSNv2u7KDbAek9H5liV1UMijbqFs5cycZvv5dVsvseT/U4H8/7/w8Koh35C4A==",
            "engines": {
                "node": ">=6.6.0"
            }
        },
        "node_modules/decode-uri-component": {
            "version": "0.2.0",
            "resolved": "https://registry.npmjs.org/decode-uri-component/-/decode-uri-component-0.2.0.tgz",
            "integrity": "sha1-6zkTMzRYd1y4TNGh+uBiEGu4dUU=",
            "engines": {
                "node": ">=0.10"
            }
        },
        "node_modules/filter-obj": {
            "version": "1.1.0",
            "resolved": "https://registry.npmjs.org/filter-obj/-/filter-obj-1.1.0.tgz",
            "integrity": "sha1-mzERErxsYSehbgFsbF1/GeCAXFs=",
            "engines": {
                "node": ">=0.10.0"
            }
        },
        "node_modules/media-typer": {
            "version": "0.3.0",
            "resolved": "https://registry.npmjs.org/media-typer/-/media-typer-0.3.0.tgz",
            "integrity": "sha1-hxDXrwqmJvj/+hzgAWhUUmMlV0g=",
            "engines": {
                "node": ">= 0.6"
            }
        },
        "node_modules/mime-db": {
            "version": "1.50.0",
            "resolved": "https://registry.npmjs.org/mime-db/-/mime-db-1.50.0.tgz",
            "integrity": "sha512-9tMZCDlYHqeERXEHO9f/hKfNXhre5dK2eE/krIvUjZbS2KPcqGDfNShIWS1uW9XOTKQKqK6qbeOci18rbfW77A==",
            "engines": {
                "node": ">= 0.6"
            }
        },
        "node_modules/mime-types": {
            "version": "2.1.33",
            "resolved": "https://registry.npmjs.org/mime-types/-/mime-types-2.1.33.tgz",
            "integrity": "sha512-plLElXp7pRDd0bNZHw+nMd52vRYjLwQjygaNg7ddJ2uJtTlmnTCjWuPKxVu6//AdaRuME84SvLW91sIkBqGT0g==",
            "dependencies": {
                "mime-db": "1.50.0"
            },
            "engines": {
                "node": ">= 0.6"
            }
        },
        "node_modules/negotiator": {
            "version": "0.6.2",
            "resolved": "https://registry.npmjs.org/negotiator/-/negotiator-0.6.2.tgz",
            "integrity": "sha512-hZXc7K2e+PgeI1eDBe/10Ard4ekbfrrqG8Ep+8Jmf4JID2bNg7NvCPOZN+kfF574pFQI7mum2AUqDidoKqcTOw==",
            "engines": {
                "node": ">= 0.6"
            }
        },
        "node_modules/query-string": {
            "version": "7.0.1",
            "resolved": "https://registry.npmjs.org/query-string/-/query-string-7.0.1.tgz",
            "integrity": "sha512-uIw3iRvHnk9to1blJCG3BTc+Ro56CBowJXKmNNAm3RulvPBzWLRqKSiiDk+IplJhsydwtuNMHi8UGQFcCLVfkA==",
            "dependencies": {
                "decode-uri-component": "^0.2.0",
                "filter-obj": "^1.1.0",
                "split-on-first": "^1.0.0",
                "strict-uri-encode": "^2.0.0"
            },
            "engines": {
                "node": ">=6"
            },
            "funding": {
                "url": "https://github.com/sponsors/sindresorhus"
            }
        },
        "node_modules/random-bytes": {
            "version": "1.0.0",
            "resolved": "https://registry.npmjs.org/random-bytes/-/random-bytes-1.0.0.tgz",
            "integrity": "sha1-T2ih3Arli9P7lYSMMDJNt11kNgs=",
            "engines": {
                "node": ">= 0.8"
            }
        },
        "node_modules/range-parser": {
            "version": "1.2.1",
            "resolved": "https://registry.npmjs.org/range-parser/-/range-parser-1.2.1.tgz",
            "integrity": "sha512-Hrgsx+orqoygnmhFbKaHE6c296J+HTAQXoxEF6gNupROmmGJRoyzfG3ccAveqCBrwr/2yxQ5BVd/GTl5agOwSg==",
            "engines": {
                "node": ">= 0.6"
            }
        },
        "node_modules/split-on-first": {
            "version": "1.1.0",
            "resolved": "https://registry.npmjs.org/split-on-first/-/split-on-first-1.1.0.tgz",
            "integrity": "sha512-43ZssAJaMusuKWL8sKUBQXHWOpq8d6CfN/u1p4gUzfJkM05C8rxTmYrkIPTXapZpORA6LkkzcUulJ8FqA7Uudw==",
            "engines": {
                "node": ">=6"
            }
        },
        "node_modules/strict-uri-encode": {
            "version": "2.0.0",
            "resolved": "https://registry.npmjs.org/strict-uri-encode/-/strict-uri-encode-2.0.0.tgz",
            "integrity": "sha1-ucczDHBChi9rFC3CdLvMWGbONUY=",
            "engines": {
                "node": ">=4"
            }
        },
        "node_modules/type-is": {
            "version": "1.6.18",
            "resolved": "https://registry.npmjs.org/type-is/-/type-is-1.6.18.tgz",
            "integrity": "sha512-TkRKr9sUTxEH8MdfuCSP7VizJyzRNMjj2J2do2Jr3Kym598JVdEksuzPQCnlFPW4ky9Q+iA+ma9BGm06XQBy8g==",
            "dependencies": {
                "media-typer": "0.3.0",
                "mime-types": "~2.1.24"
            },
            "engines": {
                "node": ">= 0.6"
            }
        },
        "node_modules/uid-safe": {
            "version": "2.1.5",
            "resolved": "https://registry.npmjs.org/uid-safe/-/uid-safe-2.1.5.tgz",
            "integrity": "sha512-KPHm4VL5dDXKz01UuEd88Df+KzynaohSL9fBh096KWAxSKZQDI2uBrVqtvRM4rwrIrRRKsdLNML/lnaaVSRioA==",
            "dependencies": {
                "random-bytes": "~1.0.0"
            },
            "engines": {
                "node": ">= 0.8"
            }
        },
        "node_modules/uWebSockets.js": {
            "version": "20.0.0",
            "resolved": "git+ssh://git@github.com/uNetworking/uWebSockets.js.git#4558ee00f9f1f686fffe1accbfc2e85b1af9c50f"
        }
    },
    "dependencies": {
        "accepts": {
            "version": "1.3.7",
            "resolved": "https://registry.npmjs.org/accepts/-/accepts-1.3.7.tgz",
            "integrity": "sha512-Il80Qs2WjYlJIBNzNkK6KYqlVMTbZLXgHx2oT0pU/fjRHyEp+PEfEPY0R3WCwAGVOtauxh1hOxNgIf5bv7dQpA==",
            "requires": {
                "mime-types": "~2.1.24",
                "negotiator": "0.6.2"
            }
        },
        "cookie": {
            "version": "0.4.1",
            "resolved": "https://registry.npmjs.org/cookie/-/cookie-0.4.1.tgz",
            "integrity": "sha512-ZwrFkGJxUR3EIoXtO+yVE69Eb7KlixbaeAWfBQB9vVsNn/o+Yw69gBWSSDK825hQNdN+wF8zELf3dFNl/kxkUA=="
        },
        "cookie-signature": {
            "version": "1.1.0",
            "resolved": "https://registry.npmjs.org/cookie-signature/-/cookie-signature-1.1.0.tgz",
            "integrity": "sha512-Alvs19Vgq07eunykd3Xy2jF0/qSNv2u7KDbAek9H5liV1UMijbqFs5cycZvv5dVsvseT/U4H8/7/w8Koh35C4A=="
        },
        "decode-uri-component": {
            "version": "0.2.0",
            "resolved": "https://registry.npmjs.org/decode-uri-component/-/decode-uri-component-0.2.0.tgz",
            "integrity": "sha1-6zkTMzRYd1y4TNGh+uBiEGu4dUU="
        },
        "filter-obj": {
            "version": "1.1.0",
            "resolved": "https://registry.npmjs.org/filter-obj/-/filter-obj-1.1.0.tgz",
            "integrity": "sha1-mzERErxsYSehbgFsbF1/GeCAXFs="
        },
        "media-typer": {
            "version": "0.3.0",
            "resolved": "https://registry.npmjs.org/media-typer/-/media-typer-0.3.0.tgz",
            "integrity": "sha1-hxDXrwqmJvj/+hzgAWhUUmMlV0g="
        },
        "mime-db": {
            "version": "1.50.0",
            "resolved": "https://registry.npmjs.org/mime-db/-/mime-db-1.50.0.tgz",
            "integrity": "sha512-9tMZCDlYHqeERXEHO9f/hKfNXhre5dK2eE/krIvUjZbS2KPcqGDfNShIWS1uW9XOTKQKqK6qbeOci18rbfW77A=="
        },
        "mime-types": {
            "version": "2.1.33",
            "resolved": "https://registry.npmjs.org/mime-types/-/mime-types-2.1.33.tgz",
            "integrity": "sha512-plLElXp7pRDd0bNZHw+nMd52vRYjLwQjygaNg7ddJ2uJtTlmnTCjWuPKxVu6//AdaRuME84SvLW91sIkBqGT0g==",
            "requires": {
                "mime-db": "1.50.0"
            }
        },
        "negotiator": {
            "version": "0.6.2",
            "resolved": "https://registry.npmjs.org/negotiator/-/negotiator-0.6.2.tgz",
            "integrity": "sha512-hZXc7K2e+PgeI1eDBe/10Ard4ekbfrrqG8Ep+8Jmf4JID2bNg7NvCPOZN+kfF574pFQI7mum2AUqDidoKqcTOw=="
        },
        "query-string": {
            "version": "7.0.1",
            "resolved": "https://registry.npmjs.org/query-string/-/query-string-7.0.1.tgz",
            "integrity": "sha512-uIw3iRvHnk9to1blJCG3BTc+Ro56CBowJXKmNNAm3RulvPBzWLRqKSiiDk+IplJhsydwtuNMHi8UGQFcCLVfkA==",
            "requires": {
                "decode-uri-component": "^0.2.0",
                "filter-obj": "^1.1.0",
                "split-on-first": "^1.0.0",
                "strict-uri-encode": "^2.0.0"
            }
        },
        "random-bytes": {
            "version": "1.0.0",
            "resolved": "https://registry.npmjs.org/random-bytes/-/random-bytes-1.0.0.tgz",
            "integrity": "sha1-T2ih3Arli9P7lYSMMDJNt11kNgs="
        },
        "range-parser": {
            "version": "1.2.1",
            "resolved": "https://registry.npmjs.org/range-parser/-/range-parser-1.2.1.tgz",
            "integrity": "sha512-Hrgsx+orqoygnmhFbKaHE6c296J+HTAQXoxEF6gNupROmmGJRoyzfG3ccAveqCBrwr/2yxQ5BVd/GTl5agOwSg=="
        },
        "split-on-first": {
            "version": "1.1.0",
            "resolved": "https://registry.npmjs.org/split-on-first/-/split-on-first-1.1.0.tgz",
            "integrity": "sha512-43ZssAJaMusuKWL8sKUBQXHWOpq8d6CfN/u1p4gUzfJkM05C8rxTmYrkIPTXapZpORA6LkkzcUulJ8FqA7Uudw=="
        },
        "strict-uri-encode": {
            "version": "2.0.0",
            "resolved": "https://registry.npmjs.org/strict-uri-encode/-/strict-uri-encode-2.0.0.tgz",
            "integrity": "sha1-ucczDHBChi9rFC3CdLvMWGbONUY="
        },
        "type-is": {
            "version": "1.6.18",
            "resolved": "https://registry.npmjs.org/type-is/-/type-is-1.6.18.tgz",
            "integrity": "sha512-TkRKr9sUTxEH8MdfuCSP7VizJyzRNMjj2J2do2Jr3Kym598JVdEksuzPQCnlFPW4ky9Q+iA+ma9BGm06XQBy8g==",
            "requires": {
                "media-typer": "0.3.0",
                "mime-types": "~2.1.24"
            }
        },
        "uid-safe": {
            "version": "2.1.5",
            "resolved": "https://registry.npmjs.org/uid-safe/-/uid-safe-2.1.5.tgz",
            "integrity": "sha512-KPHm4VL5dDXKz01UuEd88Df+KzynaohSL9fBh096KWAxSKZQDI2uBrVqtvRM4rwrIrRRKsdLNML/lnaaVSRioA==",
            "requires": {
                "random-bytes": "~1.0.0"
            }
        },
        "uWebSockets.js": {
            "version": "git+ssh://git@github.com/uNetworking/uWebSockets.js.git#4558ee00f9f1f686fffe1accbfc2e85b1af9c50f",
            "from": "uWebSockets.js@github:uNetworking/uWebSockets.js#v20.0.0"
        }
    }
}
