{
    "name": "hyper-express",
    "version": "6.5.11",
    "lockfileVersion": 3,
    "requires": true,
    "packages": {
        "": {
            "name": "hyper-express",
            "version": "6.5.11",
            "license": "MIT",
            "dependencies": {
                "@types/busboy": "^0.3.1",
                "@types/express": "^4.17.13",
                "@types/node": "^16.11.6",
                "accepts": "^1.3.7",
                "busboy": "^1.0.0",
                "cookie": "^0.4.1",
                "cookie-signature": "^1.1.0",
                "mime-types": "^2.1.33",
                "range-parser": "^1.2.1",
                "type-is": "^1.6.18",
                "typed-emitter": "^2.1.0",
                "uWebSockets.js": "github:uNetworking/uWebSockets.js#v20.24.0"
            },
            "devDependencies": {
                "typescript": "^4.4.4"
            }
        },
        "node_modules/@types/body-parser": {
            "version": "1.19.2",
            "resolved": "https://registry.npmjs.org/@types/body-parser/-/body-parser-1.19.2.tgz",
            "integrity": "sha512-ALYone6pm6QmwZoAgeyNksccT9Q4AWZQ6PvfwR37GT6r6FWUPguq6sUmNGSMV2Wr761oQoBxwGGa6DR5o1DC9g==",
            "dependencies": {
                "@types/connect": "*",
                "@types/node": "*"
            }
        },
        "node_modules/@types/busboy": {
            "version": "0.3.2",
            "resolved": "https://registry.npmjs.org/@types/busboy/-/busboy-0.3.2.tgz",
            "integrity": "sha512-iEvdm9Z9KdSs/ozuh1Z7ZsXrOl8F4M/CLMXPZHr3QuJ4d6Bjn+HBMC5EMKpwpAo8oi8iK9GZfFoHaIMrrZgwVw==",
            "dependencies": {
                "@types/node": "*"
            }
        },
        "node_modules/@types/connect": {
            "version": "3.4.35",
            "resolved": "https://registry.npmjs.org/@types/connect/-/connect-3.4.35.tgz",
            "integrity": "sha512-cdeYyv4KWoEgpBISTxWvqYsVy444DOqehiF3fM3ne10AmJ62RSyNkUnxMJXHQWRQQX2eR94m5y1IZyDwBjV9FQ==",
            "dependencies": {
                "@types/node": "*"
            }
        },
        "node_modules/@types/express": {
            "version": "4.17.17",
            "resolved": "https://registry.npmjs.org/@types/express/-/express-4.17.17.tgz",
            "integrity": "sha512-Q4FmmuLGBG58btUnfS1c1r/NQdlp3DMfGDGig8WhfpA2YRUtEkxAjkZb0yvplJGYdF1fsQ81iMDcH24sSCNC/Q==",
            "dependencies": {
                "@types/body-parser": "*",
                "@types/express-serve-static-core": "^4.17.33",
                "@types/qs": "*",
                "@types/serve-static": "*"
            }
        },
        "node_modules/@types/express-serve-static-core": {
            "version": "4.17.33",
            "resolved": "https://registry.npmjs.org/@types/express-serve-static-core/-/express-serve-static-core-4.17.33.tgz",
            "integrity": "sha512-TPBqmR/HRYI3eC2E5hmiivIzv+bidAfXofM+sbonAGvyDhySGw9/PQZFt2BLOrjUUR++4eJVpx6KnLQK1Fk9tA==",
            "dependencies": {
                "@types/node": "*",
                "@types/qs": "*",
                "@types/range-parser": "*"
            }
        },
        "node_modules/@types/mime": {
            "version": "3.0.1",
            "resolved": "https://registry.npmjs.org/@types/mime/-/mime-3.0.1.tgz",
            "integrity": "sha512-Y4XFY5VJAuw0FgAqPNd6NNoV44jbq9Bz2L7Rh/J6jLTiHBSBJa9fxqQIvkIld4GsoDOcCbvzOUAbLPsSKKg+uA=="
        },
        "node_modules/@types/node": {
            "version": "16.18.14",
            "resolved": "https://registry.npmjs.org/@types/node/-/node-16.18.14.tgz",
            "integrity": "sha512-wvzClDGQXOCVNU4APPopC2KtMYukaF1MN/W3xAmslx22Z4/IF1/izDMekuyoUlwfnDHYCIZGaj7jMwnJKBTxKw=="
        },
        "node_modules/@types/qs": {
            "version": "6.9.7",
            "resolved": "https://registry.npmjs.org/@types/qs/-/qs-6.9.7.tgz",
            "integrity": "sha512-FGa1F62FT09qcrueBA6qYTrJPVDzah9a+493+o2PCXsesWHIn27G98TsSMs3WPNbZIEj4+VJf6saSFpvD+3Zsw=="
        },
        "node_modules/@types/range-parser": {
            "version": "1.2.4",
            "resolved": "https://registry.npmjs.org/@types/range-parser/-/range-parser-1.2.4.tgz",
            "integrity": "sha512-EEhsLsD6UsDM1yFhAvy0Cjr6VwmpMWqFBCb9w07wVugF7w9nfajxLuVmngTIpgS6svCnm6Vaw+MZhoDCKnOfsw=="
        },
        "node_modules/@types/serve-static": {
            "version": "1.15.1",
            "resolved": "https://registry.npmjs.org/@types/serve-static/-/serve-static-1.15.1.tgz",
            "integrity": "sha512-NUo5XNiAdULrJENtJXZZ3fHtfMolzZwczzBbnAeBbqBwG+LaG6YaJtuwzwGSQZ2wsCrxjEhNNjAkKigy3n8teQ==",
            "dependencies": {
                "@types/mime": "*",
                "@types/node": "*"
            }
        },
        "node_modules/accepts": {
            "version": "1.3.8",
            "resolved": "https://registry.npmjs.org/accepts/-/accepts-1.3.8.tgz",
            "integrity": "sha512-PYAthTa2m2VKxuvSD3DPC/Gy+U+sOA1LAuT8mkmRuvw+NACSaeXEQ+NHcVF7rONl6qcaxV3Uuemwawk+7+SJLw==",
            "dependencies": {
                "mime-types": "~2.1.34",
                "negotiator": "0.6.3"
            },
            "engines": {
                "node": ">= 0.6"
            }
        },
        "node_modules/busboy": {
            "version": "1.6.0",
            "resolved": "https://registry.npmjs.org/busboy/-/busboy-1.6.0.tgz",
            "integrity": "sha512-8SFQbg/0hQ9xy3UNTB0YEnsNBbWfhf7RtnzpL7TkBiTBRfrQ9Fxcnz7VJsleJpyp6rVLvXiuORqjlHi5q+PYuA==",
            "dependencies": {
                "streamsearch": "^1.1.0"
            },
            "engines": {
                "node": ">=10.16.0"
            }
        },
        "node_modules/cookie": {
            "version": "0.4.2",
            "resolved": "https://registry.npmjs.org/cookie/-/cookie-0.4.2.tgz",
            "integrity": "sha512-aSWTXFzaKWkvHO1Ny/s+ePFpvKsPnjc551iI41v3ny/ow6tBG5Vd+FuqGNhh1LxOmVzOlGUriIlOaokOvhaStA==",
            "engines": {
                "node": ">= 0.6"
            }
        },
        "node_modules/cookie-signature": {
            "version": "1.2.1",
            "resolved": "https://registry.npmjs.org/cookie-signature/-/cookie-signature-1.2.1.tgz",
            "integrity": "sha512-78KWk9T26NhzXtuL26cIJ8/qNHANyJ/ZYrmEXFzUmhZdjpBv+DlWlOANRTGBt48YcyslsLrj0bMLFTmXvLRCOw==",
            "engines": {
                "node": ">=6.6.0"
            }
        },
        "node_modules/media-typer": {
            "version": "0.3.0",
            "resolved": "https://registry.npmjs.org/media-typer/-/media-typer-0.3.0.tgz",
            "integrity": "sha512-dq+qelQ9akHpcOl/gUVRTxVIOkAJ1wR3QAvb4RsVjS8oVoFjDGTc679wJYmUmknUF5HwMLOgb5O+a3KxfWapPQ==",
            "engines": {
                "node": ">= 0.6"
            }
        },
        "node_modules/mime-db": {
            "version": "1.52.0",
            "resolved": "https://registry.npmjs.org/mime-db/-/mime-db-1.52.0.tgz",
            "integrity": "sha512-sPU4uV7dYlvtWJxwwxHD0PuihVNiE7TyAbQ5SWxDCB9mUYvOgroQOwYQQOKPJ8CIbE+1ETVlOoK1UC2nU3gYvg==",
            "engines": {
                "node": ">= 0.6"
            }
        },
        "node_modules/mime-types": {
            "version": "2.1.35",
            "resolved": "https://registry.npmjs.org/mime-types/-/mime-types-2.1.35.tgz",
            "integrity": "sha512-ZDY+bPm5zTTF+YpCrAU9nK0UgICYPT0QtT1NZWFv4s++TNkcgVaT0g6+4R2uI4MjQjzysHB1zxuWL50hzaeXiw==",
            "dependencies": {
                "mime-db": "1.52.0"
            },
            "engines": {
                "node": ">= 0.6"
            }
        },
        "node_modules/negotiator": {
            "version": "0.6.3",
            "resolved": "https://registry.npmjs.org/negotiator/-/negotiator-0.6.3.tgz",
            "integrity": "sha512-+EUsqGPLsM+j/zdChZjsnX51g4XrHFOIXwfnCVPGlQk/k5giakcKsuxCObBRu6DSm9opw/O6slWbJdghQM4bBg==",
            "engines": {
                "node": ">= 0.6"
            }
        },
        "node_modules/range-parser": {
            "version": "1.2.1",
            "resolved": "https://registry.npmjs.org/range-parser/-/range-parser-1.2.1.tgz",
            "integrity": "sha512-Hrgsx+orqoygnmhFbKaHE6c296J+HTAQXoxEF6gNupROmmGJRoyzfG3ccAveqCBrwr/2yxQ5BVd/GTl5agOwSg==",
            "engines": {
                "node": ">= 0.6"
            }
        },
        "node_modules/rxjs": {
            "version": "7.8.1",
            "resolved": "https://registry.npmjs.org/rxjs/-/rxjs-7.8.1.tgz",
            "integrity": "sha512-AA3TVj+0A2iuIoQkWEK/tqFjBq2j+6PO6Y0zJcvzLAFhEFIO3HL0vls9hWLncZbAAbK0mar7oZ4V079I/qPMxg==",
            "optional": true,
            "dependencies": {
                "tslib": "^2.1.0"
            }
        },
        "node_modules/streamsearch": {
            "version": "1.1.0",
            "resolved": "https://registry.npmjs.org/streamsearch/-/streamsearch-1.1.0.tgz",
            "integrity": "sha512-Mcc5wHehp9aXz1ax6bZUyY5afg9u2rv5cqQI3mRrYkGC8rW2hM02jWuwjtL++LS5qinSyhj2QfLyNsuc+VsExg==",
            "engines": {
                "node": ">=10.0.0"
            }
        },
        "node_modules/tslib": {
            "version": "2.5.0",
            "resolved": "https://registry.npmjs.org/tslib/-/tslib-2.5.0.tgz",
            "integrity": "sha512-336iVw3rtn2BUK7ORdIAHTyxHGRIHVReokCR3XjbckJMK7ms8FysBfhLR8IXnAgy7T0PTPNBWKiH514FOW/WSg==",
            "optional": true
        },
        "node_modules/type-is": {
            "version": "1.6.18",
            "resolved": "https://registry.npmjs.org/type-is/-/type-is-1.6.18.tgz",
            "integrity": "sha512-TkRKr9sUTxEH8MdfuCSP7VizJyzRNMjj2J2do2Jr3Kym598JVdEksuzPQCnlFPW4ky9Q+iA+ma9BGm06XQBy8g==",
            "dependencies": {
                "media-typer": "0.3.0",
                "mime-types": "~2.1.24"
            },
            "engines": {
                "node": ">= 0.6"
            }
        },
        "node_modules/typed-emitter": {
            "version": "2.1.0",
            "resolved": "https://registry.npmjs.org/typed-emitter/-/typed-emitter-2.1.0.tgz",
            "integrity": "sha512-g/KzbYKbH5C2vPkaXGu8DJlHrGKHLsM25Zg9WuC9pMGfuvT+X25tZQWo5fK1BjBm8+UrVE9LDCvaY0CQk+fXDA==",
            "optionalDependencies": {
                "rxjs": "*"
            }
        },
        "node_modules/typescript": {
            "version": "4.9.5",
            "resolved": "https://registry.npmjs.org/typescript/-/typescript-4.9.5.tgz",
            "integrity": "sha512-1FXk9E2Hm+QzZQ7z+McJiHL4NW1F2EzMu9Nq9i3zAaGqibafqYwCVU6WyWAuyQRRzOlxou8xZSyXLEN8oKj24g==",
            "dev": true,
            "bin": {
                "tsc": "bin/tsc",
                "tsserver": "bin/tsserver"
            },
            "engines": {
                "node": ">=4.2.0"
            }
        },
        "node_modules/uWebSockets.js": {
            "version": "20.20.0",
            "resolved": "git+ssh://git@github.com/uNetworking/uWebSockets.js.git#70291680f6052af5306191b6ed88bceb58e49aa2"
        }
    }
}
